// !$*UTF8*$!
{
	archiveVersion = 1;
	classes = {
	};
	objectVersion = 56;
	objects = {

/* Begin PBXBuildFile section */
		637FF4BB2C760EA300105BF5 /* LiveBackgroundReplacerApp.swift in Sources */ = {isa = PBXBuildFile; fileRef = 637FF4BA2C760EA300105BF5 /* LiveBackgroundReplacerApp.swift */; };
		637FF4BD2C760EA300105BF5 /* ContentView.swift in Sources */ = {isa = PBXBuildFile; fileRef = 637FF4BC2C760EA300105BF5 /* ContentView.swift */; };
		637FF4BF2C760EA400105BF5 /* Assets.xcassets in Resources */ = {isa = PBXBuildFile; fileRef = 637FF4BE2C760EA400105BF5 /* Assets.xcassets */; };
		637FF4C22C760EA400105BF5 /* Preview Assets.xcassets in Resources */ = {isa = PBXBuildFile; fileRef = 637FF4C12C760EA400105BF5 /* Preview Assets.xcassets */; };
		637FF4CA2C760F1D00105BF5 /* FrameProcessor.swift in Sources */ = {isa = PBXBuildFile; fileRef = 637FF4C92C760F1D00105BF5 /* FrameProcessor.swift */; };
		637FF4CC2C760F5100105BF5 /* VideoCameraController.swift in Sources */ = {isa = PBXBuildFile; fileRef = 637FF4CB2C760F5100105BF5 /* VideoCameraController.swift */; };
		637FF4CE2C760F7F00105BF5 /* Renderer.swift in Sources */ = {isa = PBXBuildFile; fileRef = 637FF4CD2C760F7F00105BF5 /* Renderer.swift */; };
		637FF4D02C760FB500105BF5 /* MetalView.swift in Sources */ = {isa = PBXBuildFile; fileRef = 637FF4CF2C760FB500105BF5 /* MetalView.swift */; };
		637FF4D22C760FED00105BF5 /* CameraViewRepresentable.swift in Sources */ = {isa = PBXBuildFile; fileRef = 637FF4D12C760FED00105BF5 /* CameraViewRepresentable.swift */; };
		63F6ECFD2E6771C200A755BC /* UIComponents.swift in Sources */ = {isa = PBXBuildFile; fileRef = 63F6ECFC2E6771C200A755BC /* UIComponents.swift */; };
/* End PBXBuildFile section */

/* Begin PBXFileReference section */
		637FF4B72C760EA300105BF5 /* LiveBackgroundReplacer.app */ = {isa = PBXFileReference; explicitFileType = wrapper.application; includeInIndex = 0; path = LiveBackgroundReplacer.app; sourceTree = BUILT_PRODUCTS_DIR; };
		637FF4BA2C760EA300105BF5 /* LiveBackgroundReplacerApp.swift */ = {isa = PBXFileReference; lastKnownFileType = sourcecode.swift; path = LiveBackgroundReplacerApp.swift; sourceTree = "<group>"; };
		637FF4BC2C760EA300105BF5 /* ContentView.swift */ = {isa = PBXFileReference; lastKnownFileType = sourcecode.swift; path = ContentView.swift; sourceTree = "<group>"; };
		637FF4BE2C760EA400105BF5 /* Assets.xcassets */ = {isa = PBXFileReference; lastKnownFileType = folder.assetcatalog; path = Assets.xcassets; sourceTree = "<group>"; };
		637FF4C12C760EA400105BF5 /* Preview Assets.xcassets */ = {isa = PBXFileReference; lastKnownFileType = folder.assetcatalog; path = "Preview Assets.xcassets"; sourceTree = "<group>"; };
		637FF4C32C760EA400105BF5 /* LiveBackgroundReplacer.entitlements */ = {isa = PBXFileReference; lastKnownFileType = text.plist.entitlements; path = LiveBackgroundReplacer.entitlements; sourceTree = "<group>"; };
		637FF4C92C760F1D00105BF5 /* FrameProcessor.swift */ = {isa = PBXFileReference; lastKnownFileType = sourcecode.swift; path = FrameProcessor.swift; sourceTree = "<group>"; };
		637FF4CB2C760F5100105BF5 /* VideoCameraController.swift */ = {isa = PBXFileReference; lastKnownFileType = sourcecode.swift; path = VideoCameraController.swift; sourceTree = "<group>"; };
		637FF4CD2C760F7F00105BF5 /* Renderer.swift */ = {isa = PBXFileReference; lastKnownFileType = sourcecode.swift; path = Renderer.swift; sourceTree = "<group>"; };
		637FF4CF2C760FB500105BF5 /* MetalView.swift */ = {isa = PBXFileReference; lastKnownFileType = sourcecode.swift; path = MetalView.swift; sourceTree = "<group>"; };
		637FF4D12C760FED00105BF5 /* CameraViewRepresentable.swift */ = {isa = PBXFileReference; lastKnownFileType = sourcecode.swift; path = CameraViewRepresentable.swift; sourceTree = "<group>"; };
		63F6ECFC2E6771C200A755BC /* UIComponents.swift */ = {isa = PBXFileReference; lastKnownFileType = sourcecode.swift; path = UIComponents.swift; sourceTree = "<group>"; };
/* End PBXFileReference section */

/* Begin PBXFrameworksBuildPhase section */
		637FF4B42C760EA300105BF5 /* Frameworks */ = {
			isa = PBXFrameworksBuildPhase;
			buildActionMask = 2147483647;
			files = (
			);
			runOnlyForDeploymentPostprocessing = 0;
		};
/* End PBXFrameworksBuildPhase section */

/* Begin PBXGroup section */
		637FF4AE2C760EA300105BF5 = {
			isa = PBXGroup;
			children = (
				637FF4B92C760EA300105BF5 /* LiveBackgroundReplacer */,
				637FF4B82C760EA300105BF5 /* Products */,
			);
			sourceTree = "<group>";
		};
		637FF4B82C760EA300105BF5 /* Products */ = {
			isa = PBXGroup;
			children = (
				637FF4B72C760EA300105BF5 /* LiveBackgroundReplacer.app */,
			);
			name = Products;
			sourceTree = "<group>";
		};
		637FF4B92C760EA300105BF5 /* LiveBackgroundReplacer */ = {
			isa = PBXGroup;
			children = (
				637FF4BA2C760EA300105BF5 /* LiveBackgroundReplacerApp.swift */,
				637FF4CB2C760F5100105BF5 /* VideoCameraController.swift */,
				637FF4C92C760F1D00105BF5 /* FrameProcessor.swift */,
				63F6ECFC2E6771C200A755BC /* UIComponents.swift */,
				637FF4BC2C760EA300105BF5 /* ContentView.swift */,
				637FF4CD2C760F7F00105BF5 /* Renderer.swift */,
				637FF4CF2C760FB500105BF5 /* MetalView.swift */,
				637FF4D12C760FED00105BF5 /* CameraViewRepresentable.swift */,
				637FF4BE2C760EA400105BF5 /* Assets.xcassets */,
				637FF4C32C760EA400105BF5 /* LiveBackgroundReplacer.entitlements */,
				637FF4C02C760EA400105BF5 /* Preview Content */,
			);
			path = LiveBackgroundReplacer;
			sourceTree = "<group>";
		};
		637FF4C02C760EA400105BF5 /* Preview Content */ = {
			isa = PBXGroup;
			children = (
				637FF4C12C760EA400105BF5 /* Preview Assets.xcassets */,
			);
			path = "Preview Content";
			sourceTree = "<group>";
		};
/* End PBXGroup section */

/* Begin PBXNativeTarget section */
		637FF4B62C760EA300105BF5 /* LiveBackgroundReplacer */ = {
			isa = PBXNativeTarget;
			buildConfigurationList = 637FF4C62C760EA400105BF5 /* Build configuration list for PBXNativeTarget "LiveBackgroundReplacer" */;
			buildPhases = (
				637FF4B32C760EA300105BF5 /* Sources */,
				637FF4B42C760EA300105BF5 /* Frameworks */,
				637FF4B52C760EA300105BF5 /* Resources */,
			);
			buildRules = (
			);
			dependencies = (
			);
			name = LiveBackgroundReplacer;
			productName = LiveBackgroundReplacer;
			productReference = 637FF4B72C760EA300105BF5 /* LiveBackgroundReplacer.app */;
			productType = "com.apple.product-type.application";
		};
/* End PBXNativeTarget section */

/* Begin PBXProject section */
		637FF4AF2C760EA300105BF5 /* Project object */ = {
			isa = PBXProject;
			attributes = {
				BuildIndependentTargetsInParallel = 1;
				LastSwiftUpdateCheck = 1540;
				LastUpgradeCheck = 1640;
				TargetAttributes = {
					637FF4B62C760EA300105BF5 = {
						CreatedOnToolsVersion = 15.4;
					};
				};
			};
			buildConfigurationList = 637FF4B22C760EA300105BF5 /* Build configuration list for PBXProject "LiveBackgroundReplacer" */;
			compatibilityVersion = "Xcode 14.0";
			developmentRegion = en;
			hasScannedForEncodings = 0;
			knownRegions = (
				en,
				Base,
			);
			mainGroup = 637FF4AE2C760EA300105BF5;
			productRefGroup = 637FF4B82C760EA300105BF5 /* Products */;
			projectDirPath = "";
			projectRoot = "";
			targets = (
				637FF4B62C760EA300105BF5 /* LiveBackgroundReplacer */,
			);
		};
/* End PBXProject section */

/* Begin PBXResourcesBuildPhase section */
		637FF4B52C760EA300105BF5 /* Resources */ = {
			isa = PBXResourcesBuildPhase;
			buildActionMask = 2147483647;
			files = (
				637FF4C22C760EA400105BF5 /* Preview Assets.xcassets in Resources */,
				637FF4BF2C760EA400105BF5 /* Assets.xcassets in Resources */,
			);
			runOnlyForDeploymentPostprocessing = 0;
		};
/* End PBXResourcesBuildPhase section */

/* Begin PBXSourcesBuildPhase section */
		637FF4B32C760EA300105BF5 /* Sources */ = {
			isa = PBXSourcesBuildPhase;
			buildActionMask = 2147483647;
			files = (
				637FF4D02C760FB500105BF5 /* MetalView.swift in Sources */,
				63F6ECFD2E6771C200A755BC /* UIComponents.swift in Sources */,
				637FF4D22C760FED00105BF5 /* CameraViewRepresentable.swift in Sources */,
				637FF4BD2C760EA300105BF5 /* ContentView.swift in Sources */,
				637FF4BB2C760EA300105BF5 /* LiveBackgroundReplacerApp.swift in Sources */,
				637FF4CC2C760F5100105BF5 /* VideoCameraController.swift in Sources */,
				637FF4CE2C760F7F00105BF5 /* Renderer.swift in Sources */,
				637FF4CA2C760F1D00105BF5 /* FrameProcessor.swift in Sources */,
			);
			runOnlyForDeploymentPostprocessing = 0;
		};
/* End PBXSourcesBuildPhase section */

/* Begin XCBuildConfiguration section */
		637FF4C42C760EA400105BF5 /* Debug */ = {
			isa = XCBuildConfiguration;
			buildSettings = {
				ALWAYS_SEARCH_USER_PATHS = NO;
				ASSETCATALOG_COMPILER_GENERATE_SWIFT_ASSET_SYMBOL_EXTENSIONS = YES;
				CLANG_ANALYZER_NONNULL = YES;
				CLANG_ANALYZER_NUMBER_OBJECT_CONVERSION = YES_AGGRESSIVE;
				CLANG_CXX_LANGUAGE_STANDARD = "gnu++20";
				CLANG_ENABLE_MODULES = YES;
				CLANG_ENABLE_OBJC_ARC = YES;
				CLANG_ENABLE_OBJC_WEAK = YES;
				CLANG_WARN_BLOCK_CAPTURE_AUTORELEASING = YES;
				CLANG_WARN_BOOL_CONVERSION = YES;
				CLANG_WARN_COMMA = YES;
				CLANG_WARN_CONSTANT_CONVERSION = YES;
				CLANG_WARN_DEPRECATED_OBJC_IMPLEMENTATIONS = YES;
				CLANG_WARN_DIRECT_OBJC_ISA_USAGE = YES_ERROR;
				CLANG_WARN_DOCUMENTATION_COMMENTS = YES;
				CLANG_WARN_EMPTY_BODY = YES;
				CLANG_WARN_ENUM_CONVERSION = YES;
				CLANG_WARN_INFINITE_RECURSION = YES;
				CLANG_WARN_INT_CONVERSION = YES;
				CLANG_WARN_NON_LITERAL_NULL_CONVERSION = YES;
				CLANG_WARN_OBJC_IMPLICIT_RETAIN_SELF = YES;
				CLANG_WARN_OBJC_LITERAL_CONVERSION = YES;
				CLANG_WARN_OBJC_ROOT_CLASS = YES_ERROR;
				CLANG_WARN_QUOTED_INCLUDE_IN_FRAMEWORK_HEADER = YES;
				CLANG_WARN_RANGE_LOOP_ANALYSIS = YES;
				CLANG_WARN_STRICT_PROTOTYPES = YES;
				CLANG_WARN_SUSPICIOUS_MOVE = YES;
				CLANG_WARN_UNGUARDED_AVAILABILITY = YES_AGGRESSIVE;
				CLANG_WARN_UNREACHABLE_CODE = YES;
				CLANG_WARN__DUPLICATE_METHOD_MATCH = YES;
				COPY_PHASE_STRIP = NO;
				DEAD_CODE_STRIPPING = YES;
				DEBUG_INFORMATION_FORMAT = dwarf;
				ENABLE_STRICT_OBJC_MSGSEND = YES;
				ENABLE_TESTABILITY = YES;
				ENABLE_USER_SCRIPT_SANDBOXING = YES;
				GCC_C_LANGUAGE_STANDARD = gnu17;
				GCC_DYNAMIC_NO_PIC = NO;
				GCC_NO_COMMON_BLOCKS = YES;
				GCC_OPTIMIZATION_LEVEL = 0;
				GCC_PREPROCESSOR_DEFINITIONS = (
					"DEBUG=1",
					"$(inherited)",
				);
				GCC_WARN_64_TO_32_BIT_CONVERSION = YES;
				GCC_WARN_ABOUT_RETURN_TYPE = YES_ERROR;
				GCC_WARN_UNDECLARED_SELECTOR = YES;
				GCC_WARN_UNINITIALIZED_AUTOS = YES_AGGRESSIVE;
				GCC_WARN_UNUSED_FUNCTION = YES;
				GCC_WARN_UNUSED_VARIABLE = YES;
				LOCALIZATION_PREFERS_STRING_CATALOGS = YES;
				MACOSX_DEPLOYMENT_TARGET = 14.5;
				MTL_ENABLE_DEBUG_INFO = INCLUDE_SOURCE;
				MTL_FAST_MATH = YES;
				ONLY_ACTIVE_ARCH = YES;
				SDKROOT = macosx;
				SWIFT_ACTIVE_COMPILATION_CONDITIONS = "DEBUG $(inherited)";
				SWIFT_OPTIMIZATION_LEVEL = "-Onone";
			};
			name = Debug;
		};
		637FF4C52C760EA400105BF5 /* Release */ = {
			isa = XCBuildConfiguration;
			buildSettings = {
				ALWAYS_SEARCH_USER_PATHS = NO;
				ASSETCATALOG_COMPILER_GENERATE_SWIFT_ASSET_SYMBOL_EXTENSIONS = YES;
				CLANG_ANALYZER_NONNULL = YES;
				CLANG_ANALYZER_NUMBER_OBJECT_CONVERSION = YES_AGGRESSIVE;
				CLANG_CXX_LANGUAGE_STANDARD = "gnu++20";
				CLANG_ENABLE_MODULES = YES;
				CLANG_ENABLE_OBJC_ARC = YES;
				CLANG_ENABLE_OBJC_WEAK = YES;
				CLANG_WARN_BLOCK_CAPTURE_AUTORELEASING = YES;
				CLANG_WARN_BOOL_CONVERSION = YES;
				CLANG_WARN_COMMA = YES;
				CLANG_WARN_CONSTANT_CONVERSION = YES;
				CLANG_WARN_DEPRECATED_OBJC_IMPLEMENTATIONS = YES;
				CLANG_WARN_DIRECT_OBJC_ISA_USAGE = YES_ERROR;
				CLANG_WARN_DOCUMENTATION_COMMENTS = YES;
				CLANG_WARN_EMPTY_BODY = YES;
				CLANG_WARN_ENUM_CONVERSION = YES;
				CLANG_WARN_INFINITE_RECURSION = YES;
				CLANG_WARN_INT_CONVERSION = YES;
				CLANG_WARN_NON_LITERAL_NULL_CONVERSION = YES;
				CLANG_WARN_OBJC_IMPLICIT_RETAIN_SELF = YES;
				CLANG_WARN_OBJC_LITERAL_CONVERSION = YES;
				CLANG_WARN_OBJC_ROOT_CLASS = YES_ERROR;
				CLANG_WARN_QUOTED_INCLUDE_IN_FRAMEWORK_HEADER = YES;
				CLANG_WARN_RANGE_LOOP_ANALYSIS = YES;
				CLANG_WARN_STRICT_PROTOTYPES = YES;
				CLANG_WARN_SUSPICIOUS_MOVE = YES;
				CLANG_WARN_UNGUARDED_AVAILABILITY = YES_AGGRESSIVE;
				CLANG_WARN_UNREACHABLE_CODE = YES;
				CLANG_WARN__DUPLICATE_METHOD_MATCH = YES;
				COPY_PHASE_STRIP = NO;
				DEAD_CODE_STRIPPING = YES;
				DEBUG_INFORMATION_FORMAT = "dwarf-with-dsym";
				ENABLE_NS_ASSERTIONS = NO;
				ENABLE_STRICT_OBJC_MSGSEND = YES;
				ENABLE_USER_SCRIPT_SANDBOXING = YES;
				GCC_C_LANGUAGE_STANDARD = gnu17;
				GCC_NO_COMMON_BLOCKS = YES;
				GCC_WARN_64_TO_32_BIT_CONVERSION = YES;
				GCC_WARN_ABOUT_RETURN_TYPE = YES_ERROR;
				GCC_WARN_UNDECLARED_SELECTOR = YES;
				GCC_WARN_UNINITIALIZED_AUTOS = YES_AGGRESSIVE;
				GCC_WARN_UNUSED_FUNCTION = YES;
				GCC_WARN_UNUSED_VARIABLE = YES;
				LOCALIZATION_PREFERS_STRING_CATALOGS = YES;
				MACOSX_DEPLOYMENT_TARGET = 14.5;
				MTL_ENABLE_DEBUG_INFO = NO;
				MTL_FAST_MATH = YES;
				SDKROOT = macosx;
				SWIFT_COMPILATION_MODE = wholemodule;
			};
			name = Release;
		};
		637FF4C72C760EA400105BF5 /* Debug */ = {
			isa = XCBuildConfiguration;
			buildSettings = {
				ASSETCATALOG_COMPILER_APPICON_NAME = AppIcon;
				ASSETCATALOG_COMPILER_GLOBAL_ACCENT_COLOR_NAME = AccentColor;
				CODE_SIGN_ENTITLEMENTS = LiveBackgroundReplacer/LiveBackgroundReplacer.entitlements;
				CODE_SIGN_STYLE = Automatic;
				COMBINE_HIDPI_IMAGES = YES;
				CURRENT_PROJECT_VERSION = 1;
				DEAD_CODE_STRIPPING = YES;
				DEVELOPMENT_ASSET_PATHS = "\"LiveBackgroundReplacer/Preview Content\"";
				ENABLE_PREVIEWS = YES;
				GENERATE_INFOPLIST_FILE = YES;
				INFOPLIST_KEY_NSCameraUsageDescription = "Camera access required to capture video frames";
				INFOPLIST_KEY_NSHumanReadableCopyright = "";
				LD_RUNPATH_SEARCH_PATHS = (
					"$(inherited)",
					"@executable_path/../Frameworks",
				);
				MACOSX_DEPLOYMENT_TARGET = 14.5;
				MARKETING_VERSION = 1.0;
				PRODUCT_BUNDLE_IDENTIFIER = com.example.LiveBackgroundReplacer;
				PRODUCT_NAME = "$(TARGET_NAME)";
				SWIFT_EMIT_LOC_STRINGS = YES;
				SWIFT_VERSION = 5.0;
			};
			name = Debug;
		};
		637FF4C82C760EA400105BF5 /* Release */ = {
			isa = XCBuildConfiguration;
			buildSettings = {
				ASSETCATALOG_COMPILER_APPICON_NAME = AppIcon;
				ASSETCATALOG_COMPILER_GLOBAL_ACCENT_COLOR_NAME = AccentColor;
				CODE_SIGN_ENTITLEMENTS = LiveBackgroundReplacer/LiveBackgroundReplacer.entitlements;
				CODE_SIGN_STYLE = Automatic;
				COMBINE_HIDPI_IMAGES = YES;
				CURRENT_PROJECT_VERSION = 1;
				DEAD_CODE_STRIPPING = YES;
				DEVELOPMENT_ASSET_PATHS = "\"LiveBackgroundReplacer/Preview Content\"";
				ENABLE_PREVIEWS = YES;
				GENERATE_INFOPLIST_FILE = YES;
				INFOPLIST_KEY_NSCameraUsageDescription = "Camera access required to capture video frames";
				INFOPLIST_KEY_NSHumanReadableCopyright = "";
				LD_RUNPATH_SEARCH_PATHS = (
					"$(inherited)",
					"@executable_path/../Frameworks",
				);
				MACOSX_DEPLOYMENT_TARGET = 14.5;
				MARKETING_VERSION = 1.0;
				PRODUCT_BUNDLE_IDENTIFIER = com.example.LiveBackgroundReplacer;
				PRODUCT_NAME = "$(TARGET_NAME)";
				SWIFT_EMIT_LOC_STRINGS = YES;
				SWIFT_VERSION = 5.0;
			};
			name = Release;
		};
/* End XCBuildConfiguration section */

/* Begin XCConfigurationList section */
		637FF4B22C760EA300105BF5 /* Build configuration list for PBXProject "LiveBackgroundReplacer" */ = {
			isa = XCConfigurationList;
			buildConfigurations = (
				637FF4C42C760EA400105BF5 /* Debug */,
				637FF4C52C760EA400105BF5 /* Release */,
			);
			defaultConfigurationIsVisible = 0;
			defaultConfigurationName = Release;
		};
		637FF4C62C760EA400105BF5 /* Build configuration list for PBXNativeTarget "LiveBackgroundReplacer" */ = {
			isa = XCConfigurationList;
			buildConfigurations = (
				637FF4C72C760EA400105BF5 /* Debug */,
				637FF4C82C760EA400105BF5 /* Release */,
			);
			defaultConfigurationIsVisible = 0;
			defaultConfigurationName = Release;
		};
/* End XCConfigurationList section */
	};
	rootObject = 637FF4AF2C760EA300105BF5 /* Project object */;
}
